
Microsoft Visual Studio Solution File, Format Version 12.00
# Visual Studio Version 17
VisualStudioVersion = 17.9.34723.18
MinimumVisualStudioVersion = 10.0.40219.1
Project("{FAE04EC0-301F-11D3-BF4B-00C04F79EFBC}") = "BossFight", "BossFight\BossFight.csproj", "{A3FB6798-CDC5-4795-B078-E699874291E2}"
EndProject
Global
	GlobalSection(SolutionConfigurationPlatforms) = preSolution
		Debug|Any CPU = Debug|Any CPU
		Release|Any CPU = Release|Any CPU
	EndGlobalSection
	GlobalSection(ProjectConfigurationPlatforms) = postSolution
		{A3FB6798-CDC5-4795-B078-E699874291E2}.Debug|Any CPU.ActiveCfg = Debug|Any CPU
		{A3FB6798-CDC5-4795-B078-E699874291E2}.Debug|Any CPU.Build.0 = Debug|Any CPU
		{A3FB6798-CDC5-4795-B078-E699874291E2}.Release|Any CPU.ActiveCfg = Release|Any CPU
		{A3FB6798-CDC5-4795-B078-E699874291E2}.Release|Any CPU.Build.0 = Release|Any CPU
	EndGlobalSection
	GlobalSection(SolutionProperties) = preSolution
		HideSolutionNode = FALSE
	EndGlobalSection
	GlobalSection(ExtensibilityGlobals) = postSolution
		SolutionGuid = {02C4153F-B85A-4613-B27D-459D2CB9E85D}
	EndGlobalSection
EndGlobal
